
Microsoft Visual Studio Solution File, Format Version 12.00
# Visual Studio 15
VisualStudioVersion = 15.0.28307.106
MinimumVisualStudioVersion = 10.0.40219.1
Project("{FAE04EC0-301F-11D3-BF4B-00C04F79EFBC}") = "PixelArtProgram", "PixelArtProgram\PixelArtProgram.csproj", "{6B7DCDF7-3140-4D29-9444-98EF6E4DE3F7}"
EndProject
Project("{FAE04EC0-301F-11D3-BF4B-00C04F79EFBC}") = "PixelArtProgram V2.0", "PixelArtProgram V2.0\PixelArtProgram V2.0.csproj", "{2DF057BA-6365-468D-961B-E7C5361F7B27}"
EndProject
Project("{FAE04EC0-301F-11D3-BF4B-00C04F79EFBC}") = "WindowsFormsApp1", "WindowsFormsApp1\WindowsFormsApp1.csproj", "{162DC903-2DED-48E6-834B-3028E981A621}"
EndProject
Global
	GlobalSection(SolutionConfigurationPlatforms) = preSolution
		Debug|Any CPU = Debug|Any CPU
		Debug|ARM = Debug|ARM
		Debug|ARM64 = Debug|ARM64
		Debug|x64 = Debug|x64
		Debug|x86 = Debug|x86
		Release|Any CPU = Release|Any CPU
		Release|ARM = Release|ARM
		Release|ARM64 = Release|ARM64
		Release|x64 = Release|x64
		Release|x86 = Release|x86
	EndGlobalSection
	GlobalSection(ProjectConfigurationPlatforms) = postSolution
		{6B7DCDF7-3140-4D29-9444-98EF6E4DE3F7}.Debug|Any CPU.ActiveCfg = Debug|Any CPU
		{6B7DCDF7-3140-4D29-9444-98EF6E4DE3F7}.Debug|Any CPU.Build.0 = Debug|Any CPU
		{6B7DCDF7-3140-4D29-9444-98EF6E4DE3F7}.Debug|ARM.ActiveCfg = Debug|Any CPU
		{6B7DCDF7-3140-4D29-9444-98EF6E4DE3F7}.Debug|ARM.Build.0 = Debug|Any CPU
		{6B7DCDF7-3140-4D29-9444-98EF6E4DE3F7}.Debug|ARM64.ActiveCfg = Debug|Any CPU
		{6B7DCDF7-3140-4D29-9444-98EF6E4DE3F7}.Debug|ARM64.Build.0 = Debug|Any CPU
		{6B7DCDF7-3140-4D29-9444-98EF6E4DE3F7}.Debug|x64.ActiveCfg = Debug|Any CPU
		{6B7DCDF7-3140-4D29-9444-98EF6E4DE3F7}.Debug|x64.Build.0 = Debug|Any CPU
		{6B7DCDF7-3140-4D29-9444-98EF6E4DE3F7}.Debug|x86.ActiveCfg = Debug|Any CPU
		{6B7DCDF7-3140-4D29-9444-98EF6E4DE3F7}.Debug|x86.Build.0 = Debug|Any CPU
		{6B7DCDF7-3140-4D29-9444-98EF6E4DE3F7}.Release|Any CPU.ActiveCfg = Release|Any CPU
		{6B7DCDF7-3140-4D29-9444-98EF6E4DE3F7}.Release|Any CPU.Build.0 = Release|Any CPU
		{6B7DCDF7-3140-4D29-9444-98EF6E4DE3F7}.Release|ARM.ActiveCfg = Release|Any CPU
		{6B7DCDF7-3140-4D29-9444-98EF6E4DE3F7}.Release|ARM.Build.0 = Release|Any CPU
		{6B7DCDF7-3140-4D29-9444-98EF6E4DE3F7}.Release|ARM64.ActiveCfg = Release|Any CPU
		{6B7DCDF7-3140-4D29-9444-98EF6E4DE3F7}.Release|ARM64.Build.0 = Release|Any CPU
		{6B7DCDF7-3140-4D29-9444-98EF6E4DE3F7}.Release|x64.ActiveCfg = Release|Any CPU
		{6B7DCDF7-3140-4D29-9444-98EF6E4DE3F7}.Release|x64.Build.0 = Release|Any CPU
		{6B7DCDF7-3140-4D29-9444-98EF6E4DE3F7}.Release|x86.ActiveCfg = Release|Any CPU
		{6B7DCDF7-3140-4D29-9444-98EF6E4DE3F7}.Release|x86.Build.0 = Release|Any CPU
		{2DF057BA-6365-468D-961B-E7C5361F7B27}.Debug|Any CPU.ActiveCfg = Debug|Any CPU
		{2DF057BA-6365-468D-961B-E7C5361F7B27}.Debug|Any CPU.Build.0 = Debug|Any CPU
		{2DF057BA-6365-468D-961B-E7C5361F7B27}.Debug|ARM.ActiveCfg = Debug|Any CPU
		{2DF057BA-6365-468D-961B-E7C5361F7B27}.Debug|ARM.Build.0 = Debug|Any CPU
		{2DF057BA-6365-468D-961B-E7C5361F7B27}.Debug|ARM64.ActiveCfg = Debug|Any CPU
		{2DF057BA-6365-468D-961B-E7C5361F7B27}.Debug|ARM64.Build.0 = Debug|Any CPU
		{2DF057BA-6365-468D-961B-E7C5361F7B27}.Debug|x64.ActiveCfg = Debug|Any CPU
		{2DF057BA-6365-468D-961B-E7C5361F7B27}.Debug|x64.Build.0 = Debug|Any CPU
		{2DF057BA-6365-468D-961B-E7C5361F7B27}.Debug|x86.ActiveCfg = Debug|Any CPU
		{2DF057BA-6365-468D-961B-E7C5361F7B27}.Debug|x86.Build.0 = Debug|Any CPU
		{2DF057BA-6365-468D-961B-E7C5361F7B27}.Release|Any CPU.ActiveCfg = Release|Any CPU
		{2DF057BA-6365-468D-961B-E7C5361F7B27}.Release|Any CPU.Build.0 = Release|Any CPU
		{2DF057BA-6365-468D-961B-E7C5361F7B27}.Release|ARM.ActiveCfg = Release|Any CPU
		{2DF057BA-6365-468D-961B-E7C5361F7B27}.Release|ARM.Build.0 = Release|Any CPU
		{2DF057BA-6365-468D-961B-E7C5361F7B27}.Release|ARM64.ActiveCfg = Release|Any CPU
		{2DF057BA-6365-468D-961B-E7C5361F7B27}.Release|ARM64.Build.0 = Release|Any CPU
		{2DF057BA-6365-468D-961B-E7C5361F7B27}.Release|x64.ActiveCfg = Release|Any CPU
		{2DF057BA-6365-468D-961B-E7C5361F7B27}.Release|x64.Build.0 = Release|Any CPU
		{2DF057BA-6365-468D-961B-E7C5361F7B27}.Release|x86.ActiveCfg = Release|Any CPU
		{2DF057BA-6365-468D-961B-E7C5361F7B27}.Release|x86.Build.0 = Release|Any CPU
		{162DC903-2DED-48E6-834B-3028E981A621}.Debug|Any CPU.ActiveCfg = Debug|Any CPU
		{162DC903-2DED-48E6-834B-3028E981A621}.Debug|Any CPU.Build.0 = Debug|Any CPU
		{162DC903-2DED-48E6-834B-3028E981A621}.Debug|ARM.ActiveCfg = Debug|Any CPU
		{162DC903-2DED-48E6-834B-3028E981A621}.Debug|ARM.Build.0 = Debug|Any CPU
		{162DC903-2DED-48E6-834B-3028E981A621}.Debug|ARM64.ActiveCfg = Debug|Any CPU
		{162DC903-2DED-48E6-834B-3028E981A621}.Debug|ARM64.Build.0 = Debug|Any CPU
		{162DC903-2DED-48E6-834B-3028E981A621}.Debug|x64.ActiveCfg = Debug|Any CPU
		{162DC903-2DED-48E6-834B-3028E981A621}.Debug|x64.Build.0 = Debug|Any CPU
		{162DC903-2DED-48E6-834B-3028E981A621}.Debug|x86.ActiveCfg = Debug|Any CPU
		{162DC903-2DED-48E6-834B-3028E981A621}.Debug|x86.Build.0 = Debug|Any CPU
		{162DC903-2DED-48E6-834B-3028E981A621}.Release|Any CPU.ActiveCfg = Release|Any CPU
		{162DC903-2DED-48E6-834B-3028E981A621}.Release|Any CPU.Build.0 = Release|Any CPU
		{162DC903-2DED-48E6-834B-3028E981A621}.Release|ARM.ActiveCfg = Release|Any CPU
		{162DC903-2DED-48E6-834B-3028E981A621}.Release|ARM.Build.0 = Release|Any CPU
		{162DC903-2DED-48E6-834B-3028E981A621}.Release|ARM64.ActiveCfg = Release|Any CPU
		{162DC903-2DED-48E6-834B-3028E981A621}.Release|ARM64.Build.0 = Release|Any CPU
		{162DC903-2DED-48E6-834B-3028E981A621}.Release|x64.ActiveCfg = Release|Any CPU
		{162DC903-2DED-48E6-834B-3028E981A621}.Release|x64.Build.0 = Release|Any CPU
		{162DC903-2DED-48E6-834B-3028E981A621}.Release|x86.ActiveCfg = Release|Any CPU
		{162DC903-2DED-48E6-834B-3028E981A621}.Release|x86.Build.0 = Release|Any CPU
	EndGlobalSection
	GlobalSection(SolutionProperties) = preSolution
		HideSolutionNode = FALSE
	EndGlobalSection
	GlobalSection(ExtensibilityGlobals) = postSolution
		SolutionGuid = {FB2DC3DB-19A4-4468-9C2E-E35FAD8509C8}
	EndGlobalSection
EndGlobal
